
Microsoft Visual Studio Solution File, Format Version 12.00
# Visual Studio Version 17
VisualStudioVersion = 17.7.34221.43
MinimumVisualStudioVersion = 10.0.40219.1
Project("{FAE04EC0-301F-11D3-BF4B-00C04F79EFBC}") = "klasaString-vjezba2", "klasaString-vjezba2\klasaString-vjezba2.csproj", "{33D8BF3A-D334-49EB-9E25-32FD4723DF08}"
EndProject
Global
	GlobalSection(SolutionConfigurationPlatforms) = preSolution
		Debug|Any CPU = Debug|Any CPU
		Release|Any CPU = Release|Any CPU
	EndGlobalSection
	GlobalSection(ProjectConfigurationPlatforms) = postSolution
		{33D8BF3A-D334-49EB-9E25-32FD4723DF08}.Debug|Any CPU.ActiveCfg = Debug|Any CPU
		{33D8BF3A-D334-49EB-9E25-32FD4723DF08}.Debug|Any CPU.Build.0 = Debug|Any CPU
		{33D8BF3A-D334-49EB-9E25-32FD4723DF08}.Release|Any CPU.ActiveCfg = Release|Any CPU
		{33D8BF3A-D334-49EB-9E25-32FD4723DF08}.Release|Any CPU.Build.0 = Release|Any CPU
	EndGlobalSection
	GlobalSection(SolutionProperties) = preSolution
		HideSolutionNode = FALSE
	EndGlobalSection
	GlobalSection(ExtensibilityGlobals) = postSolution
		SolutionGuid = {6C53045A-FE94-446F-81A4-8368C21FC080}
	EndGlobalSection
EndGlobal
