
Microsoft Visual Studio Solution File, Format Version 12.00
# Visual Studio Version 17
VisualStudioVersion = 17.3.32922.545
MinimumVisualStudioVersion = 10.0.40219.1
Project("{FAE04EC0-301F-11D3-BF4B-00C04F79EFBC}") = "klaseIObjekti", "klaseIObjekti\klaseIObjekti.csproj", "{54ACED47-6E8A-433C-8EC7-D2898CC2522B}"
EndProject
Global
	GlobalSection(SolutionConfigurationPlatforms) = preSolution
		Debug|Any CPU = Debug|Any CPU
		Release|Any CPU = Release|Any CPU
	EndGlobalSection
	GlobalSection(ProjectConfigurationPlatforms) = postSolution
		{54ACED47-6E8A-433C-8EC7-D2898CC2522B}.Debug|Any CPU.ActiveCfg = Debug|Any CPU
		{54ACED47-6E8A-433C-8EC7-D2898CC2522B}.Debug|Any CPU.Build.0 = Debug|Any CPU
		{54ACED47-6E8A-433C-8EC7-D2898CC2522B}.Release|Any CPU.ActiveCfg = Release|Any CPU
		{54ACED47-6E8A-433C-8EC7-D2898CC2522B}.Release|Any CPU.Build.0 = Release|Any CPU
	EndGlobalSection
	GlobalSection(SolutionProperties) = preSolution
		HideSolutionNode = FALSE
	EndGlobalSection
	GlobalSection(ExtensibilityGlobals) = postSolution
		SolutionGuid = {80A71122-E694-47B9-A896-35A9CA8D4C5C}
	EndGlobalSection
EndGlobal
