
Microsoft Visual Studio Solution File, Format Version 12.00
# Visual Studio Version 17
VisualStudioVersion = 17.8.34330.188
MinimumVisualStudioVersion = 10.0.40219.1
Project("{FAE04EC0-301F-11D3-BF4B-00C04F79EFBC}") = "nasljedivanje", "nasljedivanje\nasljedivanje.csproj", "{339919D5-1BA0-42CD-8176-0936F6FC702B}"
EndProject
Global
	GlobalSection(SolutionConfigurationPlatforms) = preSolution
		Debug|Any CPU = Debug|Any CPU
		Release|Any CPU = Release|Any CPU
	EndGlobalSection
	GlobalSection(ProjectConfigurationPlatforms) = postSolution
		{339919D5-1BA0-42CD-8176-0936F6FC702B}.Debug|Any CPU.ActiveCfg = Debug|Any CPU
		{339919D5-1BA0-42CD-8176-0936F6FC702B}.Debug|Any CPU.Build.0 = Debug|Any CPU
		{339919D5-1BA0-42CD-8176-0936F6FC702B}.Release|Any CPU.ActiveCfg = Release|Any CPU
		{339919D5-1BA0-42CD-8176-0936F6FC702B}.Release|Any CPU.Build.0 = Release|Any CPU
	EndGlobalSection
	GlobalSection(SolutionProperties) = preSolution
		HideSolutionNode = FALSE
	EndGlobalSection
	GlobalSection(ExtensibilityGlobals) = postSolution
		SolutionGuid = {CEE4B8E3-CE8A-40CC-8152-13D2C5F0F5F2}
	EndGlobalSection
EndGlobal
