
Microsoft Visual Studio Solution File, Format Version 12.00
# Visual Studio Version 17
VisualStudioVersion = 17.7.34221.43
MinimumVisualStudioVersion = 10.0.40219.1
Project("{FAE04EC0-301F-11D3-BF4B-00C04F79EFBC}") = "provjeraZnanja-petlje-zad4", "provjeraZnanja-petlje-zad4\provjeraZnanja-petlje-zad4.csproj", "{F640C5B3-AB93-4C5C-ADDE-94FB5323A8E3}"
EndProject
Global
	GlobalSection(SolutionConfigurationPlatforms) = preSolution
		Debug|Any CPU = Debug|Any CPU
		Release|Any CPU = Release|Any CPU
	EndGlobalSection
	GlobalSection(ProjectConfigurationPlatforms) = postSolution
		{F640C5B3-AB93-4C5C-ADDE-94FB5323A8E3}.Debug|Any CPU.ActiveCfg = Debug|Any CPU
		{F640C5B3-AB93-4C5C-ADDE-94FB5323A8E3}.Debug|Any CPU.Build.0 = Debug|Any CPU
		{F640C5B3-AB93-4C5C-ADDE-94FB5323A8E3}.Release|Any CPU.ActiveCfg = Release|Any CPU
		{F640C5B3-AB93-4C5C-ADDE-94FB5323A8E3}.Release|Any CPU.Build.0 = Release|Any CPU
	EndGlobalSection
	GlobalSection(SolutionProperties) = preSolution
		HideSolutionNode = FALSE
	EndGlobalSection
	GlobalSection(ExtensibilityGlobals) = postSolution
		SolutionGuid = {C3E61BBA-333A-48D9-B446-1E9F8D3C92CB}
	EndGlobalSection
EndGlobal
