
Microsoft Visual Studio Solution File, Format Version 12.00
# Visual Studio Version 17
VisualStudioVersion = 17.7.34221.43
MinimumVisualStudioVersion = 10.0.40219.1
Project("{FAE04EC0-301F-11D3-BF4B-00C04F79EFBC}") = "klasaString-vjezbe3", "klasaString-vjezbe3\klasaString-vjezbe3.csproj", "{3585AB0C-2A7D-4F2B-A29B-B24AB97A7818}"
EndProject
Global
	GlobalSection(SolutionConfigurationPlatforms) = preSolution
		Debug|Any CPU = Debug|Any CPU
		Release|Any CPU = Release|Any CPU
	EndGlobalSection
	GlobalSection(ProjectConfigurationPlatforms) = postSolution
		{3585AB0C-2A7D-4F2B-A29B-B24AB97A7818}.Debug|Any CPU.ActiveCfg = Debug|Any CPU
		{3585AB0C-2A7D-4F2B-A29B-B24AB97A7818}.Debug|Any CPU.Build.0 = Debug|Any CPU
		{3585AB0C-2A7D-4F2B-A29B-B24AB97A7818}.Release|Any CPU.ActiveCfg = Release|Any CPU
		{3585AB0C-2A7D-4F2B-A29B-B24AB97A7818}.Release|Any CPU.Build.0 = Release|Any CPU
	EndGlobalSection
	GlobalSection(SolutionProperties) = preSolution
		HideSolutionNode = FALSE
	EndGlobalSection
	GlobalSection(ExtensibilityGlobals) = postSolution
		SolutionGuid = {45163240-A052-4594-9182-86FC251744A6}
	EndGlobalSection
EndGlobal
