
Microsoft Visual Studio Solution File, Format Version 12.00
# Visual Studio Version 17
VisualStudioVersion = 17.7.34202.233
MinimumVisualStudioVersion = 10.0.40219.1
Project("{FAE04EC0-301F-11D3-BF4B-00C04F79EFBC}") = "timer10", "timer10\timer10.csproj", "{C5AB7ED9-C93C-4D8E-88FF-90D7B7A8D951}"
EndProject
Global
	GlobalSection(SolutionConfigurationPlatforms) = preSolution
		Debug|Any CPU = Debug|Any CPU
		Release|Any CPU = Release|Any CPU
	EndGlobalSection
	GlobalSection(ProjectConfigurationPlatforms) = postSolution
		{C5AB7ED9-C93C-4D8E-88FF-90D7B7A8D951}.Debug|Any CPU.ActiveCfg = Debug|Any CPU
		{C5AB7ED9-C93C-4D8E-88FF-90D7B7A8D951}.Debug|Any CPU.Build.0 = Debug|Any CPU
		{C5AB7ED9-C93C-4D8E-88FF-90D7B7A8D951}.Release|Any CPU.ActiveCfg = Release|Any CPU
		{C5AB7ED9-C93C-4D8E-88FF-90D7B7A8D951}.Release|Any CPU.Build.0 = Release|Any CPU
	EndGlobalSection
	GlobalSection(SolutionProperties) = preSolution
		HideSolutionNode = FALSE
	EndGlobalSection
	GlobalSection(ExtensibilityGlobals) = postSolution
		SolutionGuid = {DDFF136E-DA28-442E-B7AD-3CE590321507}
	EndGlobalSection
EndGlobal
