
Microsoft Visual Studio Solution File, Format Version 12.00
# Visual Studio Version 17
VisualStudioVersion = 17.7.34221.43
MinimumVisualStudioVersion = 10.0.40219.1
Project("{FAE04EC0-301F-11D3-BF4B-00C04F79EFBC}") = "dialogResultKontrola13", "dialogResultKontrola13\dialogResultKontrola13.csproj", "{39388323-181E-42CA-8EC2-478B88F1C24C}"
EndProject
Global
	GlobalSection(SolutionConfigurationPlatforms) = preSolution
		Debug|Any CPU = Debug|Any CPU
		Release|Any CPU = Release|Any CPU
	EndGlobalSection
	GlobalSection(ProjectConfigurationPlatforms) = postSolution
		{39388323-181E-42CA-8EC2-478B88F1C24C}.Debug|Any CPU.ActiveCfg = Debug|Any CPU
		{39388323-181E-42CA-8EC2-478B88F1C24C}.Debug|Any CPU.Build.0 = Debug|Any CPU
		{39388323-181E-42CA-8EC2-478B88F1C24C}.Release|Any CPU.ActiveCfg = Release|Any CPU
		{39388323-181E-42CA-8EC2-478B88F1C24C}.Release|Any CPU.Build.0 = Release|Any CPU
	EndGlobalSection
	GlobalSection(SolutionProperties) = preSolution
		HideSolutionNode = FALSE
	EndGlobalSection
	GlobalSection(ExtensibilityGlobals) = postSolution
		SolutionGuid = {4172CE9A-4CEC-42D9-9FA5-58F6E7F38C57}
	EndGlobalSection
EndGlobal
