
Microsoft Visual Studio Solution File, Format Version 12.00
# Visual Studio Version 17
VisualStudioVersion = 17.3.32922.545
MinimumVisualStudioVersion = 10.0.40219.1
Project("{FAE04EC0-301F-11D3-BF4B-00C04F79EFBC}") = "provjeraZnanja-ktp-zad1", "provjeraZnanja-ktp-zad1\provjeraZnanja-ktp-zad1.csproj", "{933036E9-03B2-4435-8890-BDBF0D45A87F}"
EndProject
Global
	GlobalSection(SolutionConfigurationPlatforms) = preSolution
		Debug|Any CPU = Debug|Any CPU
		Release|Any CPU = Release|Any CPU
	EndGlobalSection
	GlobalSection(ProjectConfigurationPlatforms) = postSolution
		{933036E9-03B2-4435-8890-BDBF0D45A87F}.Debug|Any CPU.ActiveCfg = Debug|Any CPU
		{933036E9-03B2-4435-8890-BDBF0D45A87F}.Debug|Any CPU.Build.0 = Debug|Any CPU
		{933036E9-03B2-4435-8890-BDBF0D45A87F}.Release|Any CPU.ActiveCfg = Release|Any CPU
		{933036E9-03B2-4435-8890-BDBF0D45A87F}.Release|Any CPU.Build.0 = Release|Any CPU
	EndGlobalSection
	GlobalSection(SolutionProperties) = preSolution
		HideSolutionNode = FALSE
	EndGlobalSection
	GlobalSection(ExtensibilityGlobals) = postSolution
		SolutionGuid = {CAD587F2-9B70-4653-A092-72F6E30B7E22}
	EndGlobalSection
EndGlobal
