
Microsoft Visual Studio Solution File, Format Version 12.00
# Visual Studio Version 17
VisualStudioVersion = 17.7.34031.279
MinimumVisualStudioVersion = 10.0.40219.1
Project("{FAE04EC0-301F-11D3-BF4B-00C04F79EFBC}") = "igraNaKarte", "igraNaKarte\igraNaKarte.csproj", "{C02FA61F-727F-4125-91EA-6002A926BB67}"
EndProject
Global
	GlobalSection(SolutionConfigurationPlatforms) = preSolution
		Debug|Any CPU = Debug|Any CPU
		Release|Any CPU = Release|Any CPU
	EndGlobalSection
	GlobalSection(ProjectConfigurationPlatforms) = postSolution
		{C02FA61F-727F-4125-91EA-6002A926BB67}.Debug|Any CPU.ActiveCfg = Debug|Any CPU
		{C02FA61F-727F-4125-91EA-6002A926BB67}.Debug|Any CPU.Build.0 = Debug|Any CPU
		{C02FA61F-727F-4125-91EA-6002A926BB67}.Release|Any CPU.ActiveCfg = Release|Any CPU
		{C02FA61F-727F-4125-91EA-6002A926BB67}.Release|Any CPU.Build.0 = Release|Any CPU
	EndGlobalSection
	GlobalSection(SolutionProperties) = preSolution
		HideSolutionNode = FALSE
	EndGlobalSection
	GlobalSection(ExtensibilityGlobals) = postSolution
		SolutionGuid = {A4536DBB-C14F-4C1E-A99A-9670B469E83F}
	EndGlobalSection
EndGlobal
