
Microsoft Visual Studio Solution File, Format Version 12.00
# Visual Studio Version 17
VisualStudioVersion = 17.7.34202.233
MinimumVisualStudioVersion = 10.0.40219.1
Project("{FAE04EC0-301F-11D3-BF4B-00C04F79EFBC}") = "pictureBox10", "pictureBox10\pictureBox10.csproj", "{2F2B3DB7-D8AC-402F-9AF1-0000D9093F41}"
EndProject
Global
	GlobalSection(SolutionConfigurationPlatforms) = preSolution
		Debug|Any CPU = Debug|Any CPU
		Release|Any CPU = Release|Any CPU
	EndGlobalSection
	GlobalSection(ProjectConfigurationPlatforms) = postSolution
		{2F2B3DB7-D8AC-402F-9AF1-0000D9093F41}.Debug|Any CPU.ActiveCfg = Debug|Any CPU
		{2F2B3DB7-D8AC-402F-9AF1-0000D9093F41}.Debug|Any CPU.Build.0 = Debug|Any CPU
		{2F2B3DB7-D8AC-402F-9AF1-0000D9093F41}.Release|Any CPU.ActiveCfg = Release|Any CPU
		{2F2B3DB7-D8AC-402F-9AF1-0000D9093F41}.Release|Any CPU.Build.0 = Release|Any CPU
	EndGlobalSection
	GlobalSection(SolutionProperties) = preSolution
		HideSolutionNode = FALSE
	EndGlobalSection
	GlobalSection(ExtensibilityGlobals) = postSolution
		SolutionGuid = {D97EC747-A9CC-4AB7-B685-FDD46D1CFACE}
	EndGlobalSection
EndGlobal
