
Microsoft Visual Studio Solution File, Format Version 12.00
# Visual Studio Version 17
VisualStudioVersion = 17.7.34221.43
MinimumVisualStudioVersion = 10.0.40219.1
Project("{FAE04EC0-301F-11D3-BF4B-00C04F79EFBC}") = "provjeraZnanja-nizovi-zad1", "provjeraZnanja-nizovi-zad1\provjeraZnanja-nizovi-zad1.csproj", "{F6355991-622D-4701-90B6-7D151903EDA4}"
EndProject
Global
	GlobalSection(SolutionConfigurationPlatforms) = preSolution
		Debug|Any CPU = Debug|Any CPU
		Release|Any CPU = Release|Any CPU
	EndGlobalSection
	GlobalSection(ProjectConfigurationPlatforms) = postSolution
		{F6355991-622D-4701-90B6-7D151903EDA4}.Debug|Any CPU.ActiveCfg = Debug|Any CPU
		{F6355991-622D-4701-90B6-7D151903EDA4}.Debug|Any CPU.Build.0 = Debug|Any CPU
		{F6355991-622D-4701-90B6-7D151903EDA4}.Release|Any CPU.ActiveCfg = Release|Any CPU
		{F6355991-622D-4701-90B6-7D151903EDA4}.Release|Any CPU.Build.0 = Release|Any CPU
	EndGlobalSection
	GlobalSection(SolutionProperties) = preSolution
		HideSolutionNode = FALSE
	EndGlobalSection
	GlobalSection(ExtensibilityGlobals) = postSolution
		SolutionGuid = {DB175F3A-56EB-48D2-AB7D-37D66E594261}
	EndGlobalSection
EndGlobal
