
Microsoft Visual Studio Solution File, Format Version 12.00
# Visual Studio Version 17
VisualStudioVersion = 17.3.32922.545
MinimumVisualStudioVersion = 10.0.40219.1
Project("{FAE04EC0-301F-11D3-BF4B-00C04F79EFBC}") = "provjeraZnanja-varijable-zad1", "provjeraZnanja-varijable-zad1\provjeraZnanja-varijable-zad1.csproj", "{78937864-C311-4936-BA4F-DF936B8CE8BF}"
EndProject
Global
	GlobalSection(SolutionConfigurationPlatforms) = preSolution
		Debug|Any CPU = Debug|Any CPU
		Release|Any CPU = Release|Any CPU
	EndGlobalSection
	GlobalSection(ProjectConfigurationPlatforms) = postSolution
		{78937864-C311-4936-BA4F-DF936B8CE8BF}.Debug|Any CPU.ActiveCfg = Debug|Any CPU
		{78937864-C311-4936-BA4F-DF936B8CE8BF}.Debug|Any CPU.Build.0 = Debug|Any CPU
		{78937864-C311-4936-BA4F-DF936B8CE8BF}.Release|Any CPU.ActiveCfg = Release|Any CPU
		{78937864-C311-4936-BA4F-DF936B8CE8BF}.Release|Any CPU.Build.0 = Release|Any CPU
	EndGlobalSection
	GlobalSection(SolutionProperties) = preSolution
		HideSolutionNode = FALSE
	EndGlobalSection
	GlobalSection(ExtensibilityGlobals) = postSolution
		SolutionGuid = {45F44E71-A262-41BD-849C-5A0D75E71A23}
	EndGlobalSection
EndGlobal
