
Microsoft Visual Studio Solution File, Format Version 12.00
# Visual Studio Version 17
VisualStudioVersion = 17.8.34330.188
MinimumVisualStudioVersion = 10.0.40219.1
Project("{FAE04EC0-301F-11D3-BF4B-00C04F79EFBC}") = "neboderv2", "neboderv2\neboderv2.csproj", "{C55291CB-3F46-4E5D-B31F-CB61396B09B5}"
EndProject
Global
	GlobalSection(SolutionConfigurationPlatforms) = preSolution
		Debug|Any CPU = Debug|Any CPU
		Release|Any CPU = Release|Any CPU
	EndGlobalSection
	GlobalSection(ProjectConfigurationPlatforms) = postSolution
		{C55291CB-3F46-4E5D-B31F-CB61396B09B5}.Debug|Any CPU.ActiveCfg = Debug|Any CPU
		{C55291CB-3F46-4E5D-B31F-CB61396B09B5}.Debug|Any CPU.Build.0 = Debug|Any CPU
		{C55291CB-3F46-4E5D-B31F-CB61396B09B5}.Release|Any CPU.ActiveCfg = Release|Any CPU
		{C55291CB-3F46-4E5D-B31F-CB61396B09B5}.Release|Any CPU.Build.0 = Release|Any CPU
	EndGlobalSection
	GlobalSection(SolutionProperties) = preSolution
		HideSolutionNode = FALSE
	EndGlobalSection
	GlobalSection(ExtensibilityGlobals) = postSolution
		SolutionGuid = {32430AFA-86C7-4202-B790-88806A169968}
	EndGlobalSection
EndGlobal
