
Microsoft Visual Studio Solution File, Format Version 12.00
# Visual Studio Version 17
VisualStudioVersion = 17.7.34221.43
MinimumVisualStudioVersion = 10.0.40219.1
Project("{FAE04EC0-301F-11D3-BF4B-00C04F79EFBC}") = "klasaProcess14", "klasaProcess14\klasaProcess14.csproj", "{8F9E3FA6-6281-4F59-BA58-9B2CE6809243}"
EndProject
Global
	GlobalSection(SolutionConfigurationPlatforms) = preSolution
		Debug|Any CPU = Debug|Any CPU
		Release|Any CPU = Release|Any CPU
	EndGlobalSection
	GlobalSection(ProjectConfigurationPlatforms) = postSolution
		{8F9E3FA6-6281-4F59-BA58-9B2CE6809243}.Debug|Any CPU.ActiveCfg = Debug|Any CPU
		{8F9E3FA6-6281-4F59-BA58-9B2CE6809243}.Debug|Any CPU.Build.0 = Debug|Any CPU
		{8F9E3FA6-6281-4F59-BA58-9B2CE6809243}.Release|Any CPU.ActiveCfg = Release|Any CPU
		{8F9E3FA6-6281-4F59-BA58-9B2CE6809243}.Release|Any CPU.Build.0 = Release|Any CPU
	EndGlobalSection
	GlobalSection(SolutionProperties) = preSolution
		HideSolutionNode = FALSE
	EndGlobalSection
	GlobalSection(ExtensibilityGlobals) = postSolution
		SolutionGuid = {10E2D104-FAE2-45C8-A1B0-72A5CE4BB940}
	EndGlobalSection
EndGlobal
