
Microsoft Visual Studio Solution File, Format Version 12.00
# Visual Studio Version 17
VisualStudioVersion = 17.7.34221.43
MinimumVisualStudioVersion = 10.0.40219.1
Project("{FAE04EC0-301F-11D3-BF4B-00C04F79EFBC}") = "klasaString-vjezba4", "klasaString-vjezba4\klasaString-vjezba4.csproj", "{D639D286-25F9-4BC7-A5FE-D5139496E739}"
EndProject
Global
	GlobalSection(SolutionConfigurationPlatforms) = preSolution
		Debug|Any CPU = Debug|Any CPU
		Release|Any CPU = Release|Any CPU
	EndGlobalSection
	GlobalSection(ProjectConfigurationPlatforms) = postSolution
		{D639D286-25F9-4BC7-A5FE-D5139496E739}.Debug|Any CPU.ActiveCfg = Debug|Any CPU
		{D639D286-25F9-4BC7-A5FE-D5139496E739}.Debug|Any CPU.Build.0 = Debug|Any CPU
		{D639D286-25F9-4BC7-A5FE-D5139496E739}.Release|Any CPU.ActiveCfg = Release|Any CPU
		{D639D286-25F9-4BC7-A5FE-D5139496E739}.Release|Any CPU.Build.0 = Release|Any CPU
	EndGlobalSection
	GlobalSection(SolutionProperties) = preSolution
		HideSolutionNode = FALSE
	EndGlobalSection
	GlobalSection(ExtensibilityGlobals) = postSolution
		SolutionGuid = {42DD2961-7BFE-469B-9AD4-41EC0D678838}
	EndGlobalSection
EndGlobal
