
Microsoft Visual Studio Solution File, Format Version 12.00
# Visual Studio Version 17
VisualStudioVersion = 17.3.32922.545
MinimumVisualStudioVersion = 10.0.40219.1
Project("{FAE04EC0-301F-11D3-BF4B-00C04F79EFBC}") = "klaseIObjekti-2", "klaseIObjekti-2\klaseIObjekti-2.csproj", "{BFEF843F-5907-4D66-8564-D7DABE94A558}"
EndProject
Global
	GlobalSection(SolutionConfigurationPlatforms) = preSolution
		Debug|Any CPU = Debug|Any CPU
		Release|Any CPU = Release|Any CPU
	EndGlobalSection
	GlobalSection(ProjectConfigurationPlatforms) = postSolution
		{BFEF843F-5907-4D66-8564-D7DABE94A558}.Debug|Any CPU.ActiveCfg = Debug|Any CPU
		{BFEF843F-5907-4D66-8564-D7DABE94A558}.Debug|Any CPU.Build.0 = Debug|Any CPU
		{BFEF843F-5907-4D66-8564-D7DABE94A558}.Release|Any CPU.ActiveCfg = Release|Any CPU
		{BFEF843F-5907-4D66-8564-D7DABE94A558}.Release|Any CPU.Build.0 = Release|Any CPU
	EndGlobalSection
	GlobalSection(SolutionProperties) = preSolution
		HideSolutionNode = FALSE
	EndGlobalSection
	GlobalSection(ExtensibilityGlobals) = postSolution
		SolutionGuid = {E953BD69-1157-4ACD-8D35-E0947982631D}
	EndGlobalSection
EndGlobal
