
Microsoft Visual Studio Solution File, Format Version 12.00
# Visual Studio Version 17
VisualStudioVersion = 17.3.32922.545
MinimumVisualStudioVersion = 10.0.40219.1
Project("{FAE04EC0-301F-11D3-BF4B-00C04F79EFBC}") = "provjeraZnanja-ponavljanje-zad2", "provjeraZnanja-ponavljanje-zad2\provjeraZnanja-ponavljanje-zad2.csproj", "{FB6BCC3F-663C-4835-BB47-35E801151BB5}"
EndProject
Global
	GlobalSection(SolutionConfigurationPlatforms) = preSolution
		Debug|Any CPU = Debug|Any CPU
		Release|Any CPU = Release|Any CPU
	EndGlobalSection
	GlobalSection(ProjectConfigurationPlatforms) = postSolution
		{FB6BCC3F-663C-4835-BB47-35E801151BB5}.Debug|Any CPU.ActiveCfg = Debug|Any CPU
		{FB6BCC3F-663C-4835-BB47-35E801151BB5}.Debug|Any CPU.Build.0 = Debug|Any CPU
		{FB6BCC3F-663C-4835-BB47-35E801151BB5}.Release|Any CPU.ActiveCfg = Release|Any CPU
		{FB6BCC3F-663C-4835-BB47-35E801151BB5}.Release|Any CPU.Build.0 = Release|Any CPU
	EndGlobalSection
	GlobalSection(SolutionProperties) = preSolution
		HideSolutionNode = FALSE
	EndGlobalSection
	GlobalSection(ExtensibilityGlobals) = postSolution
		SolutionGuid = {116CFEFB-4CAE-4F41-BFF1-69C0FDE31AE4}
	EndGlobalSection
EndGlobal
