
Microsoft Visual Studio Solution File, Format Version 12.00
# Visual Studio Version 17
VisualStudioVersion = 17.3.32922.545
MinimumVisualStudioVersion = 10.0.40219.1
Project("{FAE04EC0-301F-11D3-BF4B-00C04F79EFBC}") = "protekloITekuceVrijeme", "protekloITekuceVrijeme\protekloITekuceVrijeme.csproj", "{5FDDEC4F-572D-4246-835C-7DC3B6CF1B6E}"
EndProject
Global
	GlobalSection(SolutionConfigurationPlatforms) = preSolution
		Debug|Any CPU = Debug|Any CPU
		Release|Any CPU = Release|Any CPU
	EndGlobalSection
	GlobalSection(ProjectConfigurationPlatforms) = postSolution
		{5FDDEC4F-572D-4246-835C-7DC3B6CF1B6E}.Debug|Any CPU.ActiveCfg = Debug|Any CPU
		{5FDDEC4F-572D-4246-835C-7DC3B6CF1B6E}.Debug|Any CPU.Build.0 = Debug|Any CPU
		{5FDDEC4F-572D-4246-835C-7DC3B6CF1B6E}.Release|Any CPU.ActiveCfg = Release|Any CPU
		{5FDDEC4F-572D-4246-835C-7DC3B6CF1B6E}.Release|Any CPU.Build.0 = Release|Any CPU
	EndGlobalSection
	GlobalSection(SolutionProperties) = preSolution
		HideSolutionNode = FALSE
	EndGlobalSection
	GlobalSection(ExtensibilityGlobals) = postSolution
		SolutionGuid = {D6C5E1AF-3D2F-4C3C-8D32-0D2850CB1B12}
	EndGlobalSection
EndGlobal
