
Microsoft Visual Studio Solution File, Format Version 12.00
# Visual Studio Version 17
VisualStudioVersion = 17.3.32922.545
MinimumVisualStudioVersion = 10.0.40219.1
Project("{FAE04EC0-301F-11D3-BF4B-00C04F79EFBC}") = "provjeraZnanja-ponavljanje-zad1", "provjeraZnanja-ponavljanje-zad1\provjeraZnanja-ponavljanje-zad1.csproj", "{3FC79AD3-09D1-409A-B247-2DCCC0C87286}"
EndProject
Global
	GlobalSection(SolutionConfigurationPlatforms) = preSolution
		Debug|Any CPU = Debug|Any CPU
		Release|Any CPU = Release|Any CPU
	EndGlobalSection
	GlobalSection(ProjectConfigurationPlatforms) = postSolution
		{3FC79AD3-09D1-409A-B247-2DCCC0C87286}.Debug|Any CPU.ActiveCfg = Debug|Any CPU
		{3FC79AD3-09D1-409A-B247-2DCCC0C87286}.Debug|Any CPU.Build.0 = Debug|Any CPU
		{3FC79AD3-09D1-409A-B247-2DCCC0C87286}.Release|Any CPU.ActiveCfg = Release|Any CPU
		{3FC79AD3-09D1-409A-B247-2DCCC0C87286}.Release|Any CPU.Build.0 = Release|Any CPU
	EndGlobalSection
	GlobalSection(SolutionProperties) = preSolution
		HideSolutionNode = FALSE
	EndGlobalSection
	GlobalSection(ExtensibilityGlobals) = postSolution
		SolutionGuid = {E4ABC5F1-70B6-4417-A9F6-40F83402D015}
	EndGlobalSection
EndGlobal
