
Microsoft Visual Studio Solution File, Format Version 12.00
# Visual Studio Version 17
VisualStudioVersion = 17.3.32922.545
MinimumVisualStudioVersion = 10.0.40219.1
Project("{FAE04EC0-301F-11D3-BF4B-00C04F79EFBC}") = "provjeraZnanja-zad5", "provjeraZnanja-zad5\provjeraZnanja-zad5.csproj", "{0C4A33FF-3F77-4BE5-A023-C2AC7DC2E435}"
EndProject
Global
	GlobalSection(SolutionConfigurationPlatforms) = preSolution
		Debug|Any CPU = Debug|Any CPU
		Release|Any CPU = Release|Any CPU
	EndGlobalSection
	GlobalSection(ProjectConfigurationPlatforms) = postSolution
		{0C4A33FF-3F77-4BE5-A023-C2AC7DC2E435}.Debug|Any CPU.ActiveCfg = Debug|Any CPU
		{0C4A33FF-3F77-4BE5-A023-C2AC7DC2E435}.Debug|Any CPU.Build.0 = Debug|Any CPU
		{0C4A33FF-3F77-4BE5-A023-C2AC7DC2E435}.Release|Any CPU.ActiveCfg = Release|Any CPU
		{0C4A33FF-3F77-4BE5-A023-C2AC7DC2E435}.Release|Any CPU.Build.0 = Release|Any CPU
	EndGlobalSection
	GlobalSection(SolutionProperties) = preSolution
		HideSolutionNode = FALSE
	EndGlobalSection
	GlobalSection(ExtensibilityGlobals) = postSolution
		SolutionGuid = {699BF195-427C-4253-8087-F58D6472C1B9}
	EndGlobalSection
EndGlobal
